{
  "requires": true,
  "lockfileVersion": 1,
  "dependencies": {
    "react-countdown-now": {
      "version": "1.3.0",
      "resolved": "https://registry.npmjs.org/react-countdown-now/-/react-countdown-now-1.3.0.tgz",
      "integrity": "sha512-9MaPhB+PSlLxjpYD5TqLAru56rnTX1D7M6TUCc0UrZDGdYa1ZxdMA5mFxTwX3R5WEwwGgYk5SvmfzRIrcUCzyA=="
    }
  }
}
